# THIS IS AN AUTOGENERATED FILE. DO NOT EDIT THIS FILE DIRECTLY.
# yarn lockfile v1


"@ant-design/colors@^6.0.0":
  version "6.0.0"
  resolved "https://registry.npmmirror.com/@ant-design/colors/-/colors-6.0.0.tgz"
  integrity sha512-qAZRvPzfdWHtfameEGP2Qvuf838NhergR35o+EuVyB5XvSA98xod5r4utvi4TJ3ywmevm290g9nsCG5MryrdWQ==
  dependencies:
    "@ctrl/tinycolor" "^3.4.0"

"@ant-design/icons-svg@^4.2.1":
  version "4.4.2"
  resolved "https://registry.npmmirror.com/@ant-design/icons-svg/-/icons-svg-4.4.2.tgz"
  integrity sha512-vHbT+zJEVzllwP+CM+ul7reTEfBR0vgxFe7+lREAsAA7YGsYpboiq2sQNeQeRvh09GfQgs/GyFEvZpJ9cLXpXA==

"@ant-design/icons-vue@^7.0.0":
  version "7.0.1"
  resolved "https://registry.npmmirror.com/@ant-design/icons-vue/-/icons-vue-7.0.1.tgz"
  integrity sha512-eCqY2unfZK6Fe02AwFlDHLfoyEFreP6rBwAZMIJ1LugmfMiVgwWDYlp1YsRugaPtICYOabV1iWxXdP12u9U43Q==
  dependencies:
    "@ant-design/colors" "^6.0.0"
    "@ant-design/icons-svg" "^4.2.1"

"@babel/helper-string-parser@^7.25.9":
  version "7.25.9"
  resolved "https://registry.npmmirror.com/@babel/helper-string-parser/-/helper-string-parser-7.25.9.tgz"
  integrity sha512-4A/SCr/2KLd5jrtOMFzaKjVtAei3+2r/NChoBNoZ3EyP/+GlhoaEGoWOZUmFmoITP7zOJyHIMm+DYRd8o3PvHA==

"@babel/helper-validator-identifier@^7.25.9":
  version "7.25.9"
  resolved "https://registry.npmmirror.com/@babel/helper-validator-identifier/-/helper-validator-identifier-7.25.9.tgz"
  integrity sha512-Ed61U6XJc3CVRfkERJWDz4dJwKe7iLmmJsbOGu9wSloNSFttHV0I8g6UAgb7qnK5ly5bGLPd4oXZlxCdANBOWQ==

"@babel/parser@^7.25.3":
  version "7.26.2"
  resolved "https://registry.npmmirror.com/@babel/parser/-/parser-7.26.2.tgz"
  integrity sha512-DWMCZH9WA4Maitz2q21SRKHo9QXZxkDsbNZoVD62gusNtNBBqDg9i7uOhASfTfIGNzW+O+r7+jAlM8dwphcJKQ==
  dependencies:
    "@babel/types" "^7.26.0"

"@babel/runtime@^7.10.5":
  version "7.26.0"
  resolved "https://registry.npmmirror.com/@babel/runtime/-/runtime-7.26.0.tgz"
  integrity sha512-FDSOghenHTiToteC/QRlv2q3DhPZ/oOXTBoirfWNx1Cx3TMVcGWQtMMmQcSvb/JjpNeGzx8Pq/b4fKEJuWm1sw==
  dependencies:
    regenerator-runtime "^0.14.0"

"@babel/types@^7.26.0":
  version "7.26.0"
  resolved "https://registry.npmmirror.com/@babel/types/-/types-7.26.0.tgz"
  integrity sha512-Z/yiTPj+lDVnF7lWeKCIJzaIkI0vYO87dMpZ4bg4TDrFe4XXLFWL1TbXU27gBP3QccxV9mZICCrnjnYlJjXHOA==
  dependencies:
    "@babel/helper-string-parser" "^7.25.9"
    "@babel/helper-validator-identifier" "^7.25.9"

"@ctrl/tinycolor@^3.4.0", "@ctrl/tinycolor@^3.5.0":
  version "3.6.1"
  resolved "https://registry.npmmirror.com/@ctrl/tinycolor/-/tinycolor-3.6.1.tgz"
  integrity sha512-SITSV6aIXsuVNV3f3O0f2n/cgyEDWoSqtZMYiAmcsYHydcKrOz3gUxB/iXd/Qf08+IZX4KpgNbvUdMBmWz+kcA==

"@emotion/hash@^0.9.0":
  version "0.9.2"
  resolved "https://registry.npmmirror.com/@emotion/hash/-/hash-0.9.2.tgz"
  integrity sha512-MyqliTZGuOm3+5ZRSaaBGP3USLw6+EGykkwZns2EPC5g8jJ4z9OrdZY9apkl3+UP9+sdz76YYkwCKP5gh8iY3g==

"@emotion/unitless@^0.8.0":
  version "0.8.1"
  resolved "https://registry.npmmirror.com/@emotion/unitless/-/unitless-0.8.1.tgz"
  integrity sha512-KOEGMu6dmJZtpadb476IsZBclKvILjopjUii3V+7MnXIQCYh8W3NgNcgwo21n9LXZX6EDIKvqfjYxXebDwxKmQ==

"@esbuild/aix-ppc64@0.21.5":
  version "0.21.5"
  resolved "https://registry.npmmirror.com/@esbuild/aix-ppc64/-/aix-ppc64-0.21.5.tgz#c7184a326533fcdf1b8ee0733e21c713b975575f"
  integrity sha512-1SDgH6ZSPTlggy1yI6+Dbkiz8xzpHJEVAlF/AM1tHPLsf5STom9rwtjE4hKAF20FfXXNTFqEYXyJNWh1GiZedQ==

"@esbuild/android-arm64@0.21.5":
  version "0.21.5"
  resolved "https://registry.npmmirror.com/@esbuild/android-arm64/-/android-arm64-0.21.5.tgz#09d9b4357780da9ea3a7dfb833a1f1ff439b4052"
  integrity sha512-c0uX9VAUBQ7dTDCjq+wdyGLowMdtR/GoC2U5IYk/7D1H1JYC0qseD7+11iMP2mRLN9RcCMRcjC4YMclCzGwS/A==

"@esbuild/android-arm@0.21.5":
  version "0.21.5"
  resolved "https://registry.npmmirror.com/@esbuild/android-arm/-/android-arm-0.21.5.tgz#9b04384fb771926dfa6d7ad04324ecb2ab9b2e28"
  integrity sha512-vCPvzSjpPHEi1siZdlvAlsPxXl7WbOVUBBAowWug4rJHb68Ox8KualB+1ocNvT5fjv6wpkX6o/iEpbDrf68zcg==

"@esbuild/android-x64@0.21.5":
  version "0.21.5"
  resolved "https://registry.npmmirror.com/@esbuild/android-x64/-/android-x64-0.21.5.tgz#29918ec2db754cedcb6c1b04de8cd6547af6461e"
  integrity sha512-D7aPRUUNHRBwHxzxRvp856rjUHRFW1SdQATKXH2hqA0kAZb1hKmi02OpYRacl0TxIGz/ZmXWlbZgjwWYaCakTA==

"@esbuild/darwin-arm64@0.21.5":
  version "0.21.5"
  resolved "https://registry.npmmirror.com/@esbuild/darwin-arm64/-/darwin-arm64-0.21.5.tgz"
  integrity sha512-DwqXqZyuk5AiWWf3UfLiRDJ5EDd49zg6O9wclZ7kUMv2WRFr4HKjXp/5t8JZ11QbQfUS6/cRCKGwYhtNAY88kQ==

"@esbuild/darwin-x64@0.21.5":
  version "0.21.5"
  resolved "https://registry.npmmirror.com/@esbuild/darwin-x64/-/darwin-x64-0.21.5.tgz#c13838fa57372839abdddc91d71542ceea2e1e22"
  integrity sha512-se/JjF8NlmKVG4kNIuyWMV/22ZaerB+qaSi5MdrXtd6R08kvs2qCN4C09miupktDitvh8jRFflwGFBQcxZRjbw==

"@esbuild/freebsd-arm64@0.21.5":
  version "0.21.5"
  resolved "https://registry.npmmirror.com/@esbuild/freebsd-arm64/-/freebsd-arm64-0.21.5.tgz#646b989aa20bf89fd071dd5dbfad69a3542e550e"
  integrity sha512-5JcRxxRDUJLX8JXp/wcBCy3pENnCgBR9bN6JsY4OmhfUtIHe3ZW0mawA7+RDAcMLrMIZaf03NlQiX9DGyB8h4g==

"@esbuild/freebsd-x64@0.21.5":
  version "0.21.5"
  resolved "https://registry.npmmirror.com/@esbuild/freebsd-x64/-/freebsd-x64-0.21.5.tgz#aa615cfc80af954d3458906e38ca22c18cf5c261"
  integrity sha512-J95kNBj1zkbMXtHVH29bBriQygMXqoVQOQYA+ISs0/2l3T9/kj42ow2mpqerRBxDJnmkUDCaQT/dfNXWX/ZZCQ==

"@esbuild/linux-arm64@0.21.5":
  version "0.21.5"
  resolved "https://registry.npmmirror.com/@esbuild/linux-arm64/-/linux-arm64-0.21.5.tgz#70ac6fa14f5cb7e1f7f887bcffb680ad09922b5b"
  integrity sha512-ibKvmyYzKsBeX8d8I7MH/TMfWDXBF3db4qM6sy+7re0YXya+K1cem3on9XgdT2EQGMu4hQyZhan7TeQ8XkGp4Q==

"@esbuild/linux-arm@0.21.5":
  version "0.21.5"
  resolved "https://registry.npmmirror.com/@esbuild/linux-arm/-/linux-arm-0.21.5.tgz#fc6fd11a8aca56c1f6f3894f2bea0479f8f626b9"
  integrity sha512-bPb5AHZtbeNGjCKVZ9UGqGwo8EUu4cLq68E95A53KlxAPRmUyYv2D6F0uUI65XisGOL1hBP5mTronbgo+0bFcA==

"@esbuild/linux-ia32@0.21.5":
  version "0.21.5"
  resolved "https://registry.npmmirror.com/@esbuild/linux-ia32/-/linux-ia32-0.21.5.tgz#3271f53b3f93e3d093d518d1649d6d68d346ede2"
  integrity sha512-YvjXDqLRqPDl2dvRODYmmhz4rPeVKYvppfGYKSNGdyZkA01046pLWyRKKI3ax8fbJoK5QbxblURkwK/MWY18Tg==

"@esbuild/linux-loong64@0.21.5":
  version "0.21.5"
  resolved "https://registry.npmmirror.com/@esbuild/linux-loong64/-/linux-loong64-0.21.5.tgz#ed62e04238c57026aea831c5a130b73c0f9f26df"
  integrity sha512-uHf1BmMG8qEvzdrzAqg2SIG/02+4/DHB6a9Kbya0XDvwDEKCoC8ZRWI5JJvNdUjtciBGFQ5PuBlpEOXQj+JQSg==

"@esbuild/linux-mips64el@0.21.5":
  version "0.21.5"
  resolved "https://registry.npmmirror.com/@esbuild/linux-mips64el/-/linux-mips64el-0.21.5.tgz#e79b8eb48bf3b106fadec1ac8240fb97b4e64cbe"
  integrity sha512-IajOmO+KJK23bj52dFSNCMsz1QP1DqM6cwLUv3W1QwyxkyIWecfafnI555fvSGqEKwjMXVLokcV5ygHW5b3Jbg==

"@esbuild/linux-ppc64@0.21.5":
  version "0.21.5"
  resolved "https://registry.npmmirror.com/@esbuild/linux-ppc64/-/linux-ppc64-0.21.5.tgz#5f2203860a143b9919d383ef7573521fb154c3e4"
  integrity sha512-1hHV/Z4OEfMwpLO8rp7CvlhBDnjsC3CttJXIhBi+5Aj5r+MBvy4egg7wCbe//hSsT+RvDAG7s81tAvpL2XAE4w==

"@esbuild/linux-riscv64@0.21.5":
  version "0.21.5"
  resolved "https://registry.npmmirror.com/@esbuild/linux-riscv64/-/linux-riscv64-0.21.5.tgz#07bcafd99322d5af62f618cb9e6a9b7f4bb825dc"
  integrity sha512-2HdXDMd9GMgTGrPWnJzP2ALSokE/0O5HhTUvWIbD3YdjME8JwvSCnNGBnTThKGEB91OZhzrJ4qIIxk/SBmyDDA==

"@esbuild/linux-s390x@0.21.5":
  version "0.21.5"
  resolved "https://registry.npmmirror.com/@esbuild/linux-s390x/-/linux-s390x-0.21.5.tgz#b7ccf686751d6a3e44b8627ababc8be3ef62d8de"
  integrity sha512-zus5sxzqBJD3eXxwvjN1yQkRepANgxE9lgOW2qLnmr8ikMTphkjgXu1HR01K4FJg8h1kEEDAqDcZQtbrRnB41A==

"@esbuild/linux-x64@0.21.5":
  version "0.21.5"
  resolved "https://registry.npmmirror.com/@esbuild/linux-x64/-/linux-x64-0.21.5.tgz#6d8f0c768e070e64309af8004bb94e68ab2bb3b0"
  integrity sha512-1rYdTpyv03iycF1+BhzrzQJCdOuAOtaqHTWJZCWvijKD2N5Xu0TtVC8/+1faWqcP9iBCWOmjmhoH94dH82BxPQ==

"@esbuild/netbsd-x64@0.21.5":
  version "0.21.5"
  resolved "https://registry.npmmirror.com/@esbuild/netbsd-x64/-/netbsd-x64-0.21.5.tgz#bbe430f60d378ecb88decb219c602667387a6047"
  integrity sha512-Woi2MXzXjMULccIwMnLciyZH4nCIMpWQAs049KEeMvOcNADVxo0UBIQPfSmxB3CWKedngg7sWZdLvLczpe0tLg==

"@esbuild/openbsd-x64@0.21.5":
  version "0.21.5"
  resolved "https://registry.npmmirror.com/@esbuild/openbsd-x64/-/openbsd-x64-0.21.5.tgz#99d1cf2937279560d2104821f5ccce220cb2af70"
  integrity sha512-HLNNw99xsvx12lFBUwoT8EVCsSvRNDVxNpjZ7bPn947b8gJPzeHWyNVhFsaerc0n3TsbOINvRP2byTZ5LKezow==

"@esbuild/sunos-x64@0.21.5":
  version "0.21.5"
  resolved "https://registry.npmmirror.com/@esbuild/sunos-x64/-/sunos-x64-0.21.5.tgz#08741512c10d529566baba837b4fe052c8f3487b"
  integrity sha512-6+gjmFpfy0BHU5Tpptkuh8+uw3mnrvgs+dSPQXQOv3ekbordwnzTVEb4qnIvQcYXq6gzkyTnoZ9dZG+D4garKg==

"@esbuild/win32-arm64@0.21.5":
  version "0.21.5"
  resolved "https://registry.npmmirror.com/@esbuild/win32-arm64/-/win32-arm64-0.21.5.tgz#675b7385398411240735016144ab2e99a60fc75d"
  integrity sha512-Z0gOTd75VvXqyq7nsl93zwahcTROgqvuAcYDUr+vOv8uHhNSKROyU961kgtCD1e95IqPKSQKH7tBTslnS3tA8A==

"@esbuild/win32-ia32@0.21.5":
  version "0.21.5"
  resolved "https://registry.npmmirror.com/@esbuild/win32-ia32/-/win32-ia32-0.21.5.tgz#1bfc3ce98aa6ca9a0969e4d2af72144c59c1193b"
  integrity sha512-SWXFF1CL2RVNMaVs+BBClwtfZSvDgtL//G/smwAc5oVK/UPu2Gu9tIaRgFmYFFKrmg3SyAjSrElf0TiJ1v8fYA==

"@esbuild/win32-x64@0.21.5":
  version "0.21.5"
  resolved "https://registry.npmmirror.com/@esbuild/win32-x64/-/win32-x64-0.21.5.tgz#acad351d582d157bb145535db2a6ff53dd514b5c"
  integrity sha512-tQd/1efJuzPC6rCFwEvLtci/xNFcTZknmXs98FYDfGE4wP9ClFV98nyKrzJKVPMhdDnjzLhdUyMX4PsQAPjwIw==

"@fullcalendar/core@^6.1.15":
  version "6.1.15"
  resolved "https://registry.npmmirror.com/@fullcalendar/core/-/core-6.1.15.tgz"
  integrity sha512-BuX7o6ALpLb84cMw1FCB9/cSgF4JbVO894cjJZ6kP74jzbUZNjtwffwRdA+Id8rrLjT30d/7TrkW90k4zbXB5Q==
  dependencies:
    preact "~10.12.1"

"@fullcalendar/daygrid@~6.1.15":
  version "6.1.15"
  resolved "https://registry.npmmirror.com/@fullcalendar/daygrid/-/daygrid-6.1.15.tgz"
  integrity sha512-j8tL0HhfiVsdtOCLfzK2J0RtSkiad3BYYemwQKq512cx6btz6ZZ2RNc/hVnIxluuWFyvx5sXZwoeTJsFSFTEFA==

"@fullcalendar/timegrid@^6.1.15":
  version "6.1.15"
  resolved "https://registry.npmmirror.com/@fullcalendar/timegrid/-/timegrid-6.1.15.tgz"
  integrity sha512-61ORr3A148RtxQ2FNG7JKvacyA/TEVZ7z6I+3E9Oeu3dqTf6M928bFcpehRTIK6zIA6Yifs7BeWHgOE9dFnpbw==
  dependencies:
    "@fullcalendar/daygrid" "~6.1.15"

"@fullcalendar/vue3@^6.1.15":
  version "6.1.15"
  resolved "https://registry.npmmirror.com/@fullcalendar/vue3/-/vue3-6.1.15.tgz"
  integrity sha512-ctfTICGrNEIj7gmLHQcUYe0WzDTSW5Vd9hyOnVChxPU75AZU9WqdDMkHwJYnfNxNhT6QQuiMHq/qsRRd5zQwOw==

"@jridgewell/sourcemap-codec@^1.5.0":
  version "1.5.0"
  resolved "https://registry.npmmirror.com/@jridgewell/sourcemap-codec/-/sourcemap-codec-1.5.0.tgz"
  integrity sha512-gv3ZRaISU3fjPAgNsriBRqGWQL6quFx04YMPW/zD8XMLsU32mhCCbfbO6KZFLjvYpCZ8zyDEgqsgf+PwPaM7GQ==

"@rollup/rollup-android-arm-eabi@4.25.0":
  version "4.25.0"
  resolved "https://registry.npmmirror.com/@rollup/rollup-android-arm-eabi/-/rollup-android-arm-eabi-4.25.0.tgz#3e7eda4c0c1de6d2415343002d742ff95e38dca7"
  integrity sha512-CC/ZqFZwlAIbU1wUPisHyV/XRc5RydFrNLtgl3dGYskdwPZdt4HERtKm50a/+DtTlKeCq9IXFEWR+P6blwjqBA==

"@rollup/rollup-android-arm64@4.25.0":
  version "4.25.0"
  resolved "https://registry.npmmirror.com/@rollup/rollup-android-arm64/-/rollup-android-arm64-4.25.0.tgz#04f679231acf7284f1f8a1f7250d0e0944865ba8"
  integrity sha512-/Y76tmLGUJqVBXXCfVS8Q8FJqYGhgH4wl4qTA24E9v/IJM0XvJCGQVSW1QZ4J+VURO9h8YCa28sTFacZXwK7Rg==

"@rollup/rollup-darwin-arm64@4.25.0":
  version "4.25.0"
  resolved "https://registry.npmmirror.com/@rollup/rollup-darwin-arm64/-/rollup-darwin-arm64-4.25.0.tgz"
  integrity sha512-YVT6L3UrKTlC0FpCZd0MGA7NVdp7YNaEqkENbWQ7AOVOqd/7VzyHpgIpc1mIaxRAo1ZsJRH45fq8j4N63I/vvg==

"@rollup/rollup-darwin-x64@4.25.0":
  version "4.25.0"
  resolved "https://registry.npmmirror.com/@rollup/rollup-darwin-x64/-/rollup-darwin-x64-4.25.0.tgz#28e6e0687092f31e20982fc104779d48c643fc21"
  integrity sha512-ZRL+gexs3+ZmmWmGKEU43Bdn67kWnMeWXLFhcVv5Un8FQcx38yulHBA7XR2+KQdYIOtD0yZDWBCudmfj6lQJoA==

"@rollup/rollup-freebsd-arm64@4.25.0":
  version "4.25.0"
  resolved "https://registry.npmmirror.com/@rollup/rollup-freebsd-arm64/-/rollup-freebsd-arm64-4.25.0.tgz#99e9173b8aef3d1ef086983da70413988206e530"
  integrity sha512-xpEIXhiP27EAylEpreCozozsxWQ2TJbOLSivGfXhU4G1TBVEYtUPi2pOZBnvGXHyOdLAUUhPnJzH3ah5cqF01g==

"@rollup/rollup-freebsd-x64@4.25.0":
  version "4.25.0"
  resolved "https://registry.npmmirror.com/@rollup/rollup-freebsd-x64/-/rollup-freebsd-x64-4.25.0.tgz#f3a1ef941f8d3c6b2b036484c69a7b2d3d9ebbd7"
  integrity sha512-sC5FsmZGlJv5dOcURrsnIK7ngc3Kirnx3as2XU9uER+zjfyqIjdcMVgzy4cOawhsssqzoAX19qmxgJ8a14Qrqw==

"@rollup/rollup-linux-arm-gnueabihf@4.25.0":
  version "4.25.0"
  resolved "https://registry.npmmirror.com/@rollup/rollup-linux-arm-gnueabihf/-/rollup-linux-arm-gnueabihf-4.25.0.tgz#9ba6adcc33f26f2a0c6ee658f0bbda4de8da2f75"
  integrity sha512-uD/dbLSs1BEPzg564TpRAQ/YvTnCds2XxyOndAO8nJhaQcqQGFgv/DAVko/ZHap3boCvxnzYMa3mTkV/B/3SWA==

"@rollup/rollup-linux-arm-musleabihf@4.25.0":
  version "4.25.0"
  resolved "https://registry.npmmirror.com/@rollup/rollup-linux-arm-musleabihf/-/rollup-linux-arm-musleabihf-4.25.0.tgz#62f2426fa9016ec884f4fa779d7b62d5ba02a41a"
  integrity sha512-ZVt/XkrDlQWegDWrwyC3l0OfAF7yeJUF4fq5RMS07YM72BlSfn2fQQ6lPyBNjt+YbczMguPiJoCfaQC2dnflpQ==

"@rollup/rollup-linux-arm64-gnu@4.25.0":
  version "4.25.0"
  resolved "https://registry.npmmirror.com/@rollup/rollup-linux-arm64-gnu/-/rollup-linux-arm64-gnu-4.25.0.tgz#f98ec111a231d35e0c6d3404e3d80f67f9d5b9f8"
  integrity sha512-qboZ+T0gHAW2kkSDPHxu7quaFaaBlynODXpBVnPxUgvWYaE84xgCKAPEYE+fSMd3Zv5PyFZR+L0tCdYCMAtG0A==

"@rollup/rollup-linux-arm64-musl@4.25.0":
  version "4.25.0"
  resolved "https://registry.npmmirror.com/@rollup/rollup-linux-arm64-musl/-/rollup-linux-arm64-musl-4.25.0.tgz#4b36ffb8359f959f2c29afd187603c53368b6723"
  integrity sha512-ndWTSEmAaKr88dBuogGH2NZaxe7u2rDoArsejNslugHZ+r44NfWiwjzizVS1nUOHo+n1Z6qV3X60rqE/HlISgw==

"@rollup/rollup-linux-powerpc64le-gnu@4.25.0":
  version "4.25.0"
  resolved "https://registry.npmmirror.com/@rollup/rollup-linux-powerpc64le-gnu/-/rollup-linux-powerpc64le-gnu-4.25.0.tgz#52f4b39e6783505d168a745b79d86474fde71680"
  integrity sha512-BVSQvVa2v5hKwJSy6X7W1fjDex6yZnNKy3Kx1JGimccHft6HV0THTwNtC2zawtNXKUu+S5CjXslilYdKBAadzA==

"@rollup/rollup-linux-riscv64-gnu@4.25.0":
  version "4.25.0"
  resolved "https://registry.npmmirror.com/@rollup/rollup-linux-riscv64-gnu/-/rollup-linux-riscv64-gnu-4.25.0.tgz#49195be7e6a7d68d482b12461e2ea914e31ff977"
  integrity sha512-G4hTREQrIdeV0PE2JruzI+vXdRnaK1pg64hemHq2v5fhv8C7WjVaeXc9P5i4Q5UC06d/L+zA0mszYIKl+wY8oA==

"@rollup/rollup-linux-s390x-gnu@4.25.0":
  version "4.25.0"
  resolved "https://registry.npmmirror.com/@rollup/rollup-linux-s390x-gnu/-/rollup-linux-s390x-gnu-4.25.0.tgz#4b8d50a205eac7b46cdcb9c50d4a6ae5994c02e0"
  integrity sha512-9T/w0kQ+upxdkFL9zPVB6zy9vWW1deA3g8IauJxojN4bnz5FwSsUAD034KpXIVX5j5p/rn6XqumBMxfRkcHapQ==

"@rollup/rollup-linux-x64-gnu@4.25.0":
  version "4.25.0"
  resolved "https://registry.npmmirror.com/@rollup/rollup-linux-x64-gnu/-/rollup-linux-x64-gnu-4.25.0.tgz#dfcceebc5ccac7fc2db19471996026258c81b55f"
  integrity sha512-ThcnU0EcMDn+J4B9LD++OgBYxZusuA7iemIIiz5yzEcFg04VZFzdFjuwPdlURmYPZw+fgVrFzj4CA64jSTG4Ig==

"@rollup/rollup-linux-x64-musl@4.25.0":
  version "4.25.0"
  resolved "https://registry.npmmirror.com/@rollup/rollup-linux-x64-musl/-/rollup-linux-x64-musl-4.25.0.tgz#192f78bad8429711d63a31dc0a7d3312e2df850e"
  integrity sha512-zx71aY2oQxGxAT1JShfhNG79PnjYhMC6voAjzpu/xmMjDnKNf6Nl/xv7YaB/9SIa9jDYf8RBPWEnjcdlhlv1rQ==

"@rollup/rollup-win32-arm64-msvc@4.25.0":
  version "4.25.0"
  resolved "https://registry.npmmirror.com/@rollup/rollup-win32-arm64-msvc/-/rollup-win32-arm64-msvc-4.25.0.tgz#f4ec076579634f780b4e5896ae7f59f3e38e0c60"
  integrity sha512-JT8tcjNocMs4CylWY/CxVLnv8e1lE7ff1fi6kbGocWwxDq9pj30IJ28Peb+Y8yiPNSF28oad42ApJB8oUkwGww==

"@rollup/rollup-win32-ia32-msvc@4.25.0":
  version "4.25.0"
  resolved "https://registry.npmmirror.com/@rollup/rollup-win32-ia32-msvc/-/rollup-win32-ia32-msvc-4.25.0.tgz#5458eab1929827e4f805cefb90bd09ecf7eeed2b"
  integrity sha512-dRLjLsO3dNOfSN6tjyVlG+Msm4IiZnGkuZ7G5NmpzwF9oOc582FZG05+UdfTbz5Jd4buK/wMb6UeHFhG18+OEg==

"@rollup/rollup-win32-x64-msvc@4.25.0":
  version "4.25.0"
  resolved "https://registry.npmmirror.com/@rollup/rollup-win32-x64-msvc/-/rollup-win32-x64-msvc-4.25.0.tgz#93415e7e707e4b156d77c5950b983b58f4bc33f3"
  integrity sha512-/RqrIFtLB926frMhZD0a5oDa4eFIbyNEwLLloMTEjmqfwZWXywwVVOVmwTsuyhC9HKkVEZcOOi+KV4U9wmOdlg==

"@simonwep/pickr@~1.8.0":
  version "1.8.2"
  resolved "https://registry.npmmirror.com/@simonwep/pickr/-/pickr-1.8.2.tgz"
  integrity sha512-/l5w8BIkrpP6n1xsetx9MWPWlU6OblN5YgZZphxan0Tq4BByTCETL6lyIeY8lagalS2Nbt4F2W034KHLIiunKA==
  dependencies:
    core-js "^3.15.1"
    nanopop "^2.1.0"

"@socket.io/component-emitter@~3.1.0":
  version "3.1.2"
  resolved "https://registry.npmmirror.com/@socket.io/component-emitter/-/component-emitter-3.1.2.tgz"
  integrity sha512-9BCxFwvbGg/RsZK9tjXd8s4UcwR0MWeFQ1XEKIQVVvAGJyINdrqKMcTRyLoK8Rse1GjzLV9cwjWV1olXRWEXVA==

"@types/estree@1.0.6":
  version "1.0.6"
  resolved "https://registry.npmmirror.com/@types/estree/-/estree-1.0.6.tgz"
  integrity sha512-AYnb1nQyY49te+VRAVgmzfcgjYS91mY5P0TKUDCLEM+gNnA+3T6rWITXRLYCpahpqSQbN5cE+gHpnPyXjHWxcw==

"@vitejs/plugin-vue@^4.5.0":
  version "4.6.2"
  resolved "https://registry.npmmirror.com/@vitejs/plugin-vue/-/plugin-vue-4.6.2.tgz"
  integrity sha512-kqf7SGFoG+80aZG6Pf+gsZIVvGSCKE98JbiWqcCV9cThtg91Jav0yvYFC9Zb+jKetNGF6ZKeoaxgZfND21fWKw==

"@vue/compiler-core@3.5.12":
  version "3.5.12"
  resolved "https://registry.npmmirror.com/@vue/compiler-core/-/compiler-core-3.5.12.tgz"
  integrity sha512-ISyBTRMmMYagUxhcpyEH0hpXRd/KqDU4ymofPgl2XAkY9ZhQ+h0ovEZJIiPop13UmR/54oA2cgMDjgroRelaEw==
  dependencies:
    "@babel/parser" "^7.25.3"
    "@vue/shared" "3.5.12"
    entities "^4.5.0"
    estree-walker "^2.0.2"
    source-map-js "^1.2.0"

"@vue/compiler-dom@3.5.12":
  version "3.5.12"
  resolved "https://registry.npmmirror.com/@vue/compiler-dom/-/compiler-dom-3.5.12.tgz"
  integrity sha512-9G6PbJ03uwxLHKQ3P42cMTi85lDRvGLB2rSGOiQqtXELat6uI4n8cNz9yjfVHRPIu+MsK6TE418Giruvgptckg==
  dependencies:
    "@vue/compiler-core" "3.5.12"
    "@vue/shared" "3.5.12"

"@vue/compiler-sfc@3.5.12":
  version "3.5.12"
  resolved "https://registry.npmmirror.com/@vue/compiler-sfc/-/compiler-sfc-3.5.12.tgz"
  integrity sha512-2k973OGo2JuAa5+ZlekuQJtitI5CgLMOwgl94BzMCsKZCX/xiqzJYzapl4opFogKHqwJk34vfsaKpfEhd1k5nw==
  dependencies:
    "@babel/parser" "^7.25.3"
    "@vue/compiler-core" "3.5.12"
    "@vue/compiler-dom" "3.5.12"
    "@vue/compiler-ssr" "3.5.12"
    "@vue/shared" "3.5.12"
    estree-walker "^2.0.2"
    magic-string "^0.30.11"
    postcss "^8.4.47"
    source-map-js "^1.2.0"

"@vue/compiler-ssr@3.5.12":
  version "3.5.12"
  resolved "https://registry.npmmirror.com/@vue/compiler-ssr/-/compiler-ssr-3.5.12.tgz"
  integrity sha512-eLwc7v6bfGBSM7wZOGPmRavSWzNFF6+PdRhE+VFJhNCgHiF8AM7ccoqcv5kBXA2eWUfigD7byekvf/JsOfKvPA==
  dependencies:
    "@vue/compiler-dom" "3.5.12"
    "@vue/shared" "3.5.12"

"@vue/devtools-api@^6.6.3", "@vue/devtools-api@^6.6.4":
  version "6.6.4"
  resolved "https://registry.npmmirror.com/@vue/devtools-api/-/devtools-api-6.6.4.tgz"
  integrity sha512-sGhTPMuXqZ1rVOk32RylztWkfXTRhuS7vgAKv0zjqk8gbsHkJ7xfFf+jbySxt7tWObEJwyKaHMikV/WGDiQm8g==

"@vue/reactivity@3.5.12":
  version "3.5.12"
  resolved "https://registry.npmmirror.com/@vue/reactivity/-/reactivity-3.5.12.tgz"
  integrity sha512-UzaN3Da7xnJXdz4Okb/BGbAaomRHc3RdoWqTzlvd9+WBR5m3J39J1fGcHes7U3za0ruYn/iYy/a1euhMEHvTAg==
  dependencies:
    "@vue/shared" "3.5.12"

"@vue/runtime-core@3.5.12":
  version "3.5.12"
  resolved "https://registry.npmmirror.com/@vue/runtime-core/-/runtime-core-3.5.12.tgz"
  integrity sha512-hrMUYV6tpocr3TL3Ad8DqxOdpDe4zuQY4HPY3X/VRh+L2myQO8MFXPAMarIOSGNu0bFAjh1yBkMPXZBqCk62Uw==
  dependencies:
    "@vue/reactivity" "3.5.12"
    "@vue/shared" "3.5.12"

"@vue/runtime-dom@3.5.12":
  version "3.5.12"
  resolved "https://registry.npmmirror.com/@vue/runtime-dom/-/runtime-dom-3.5.12.tgz"
  integrity sha512-q8VFxR9A2MRfBr6/55Q3umyoN7ya836FzRXajPB6/Vvuv0zOPL+qltd9rIMzG/DbRLAIlREmnLsplEF/kotXKA==
  dependencies:
    "@vue/reactivity" "3.5.12"
    "@vue/runtime-core" "3.5.12"
    "@vue/shared" "3.5.12"
    csstype "^3.1.3"

"@vue/server-renderer@3.5.12":
  version "3.5.12"
  resolved "https://registry.npmmirror.com/@vue/server-renderer/-/server-renderer-3.5.12.tgz"
  integrity sha512-I3QoeDDeEPZm8yR28JtY+rk880Oqmj43hreIBVTicisFTx/Dl7JpG72g/X7YF8hnQD3IFhkky5i2bPonwrTVPg==
  dependencies:
    "@vue/compiler-ssr" "3.5.12"
    "@vue/shared" "3.5.12"

"@vue/shared@3.5.12":
  version "3.5.12"
  resolved "https://registry.npmmirror.com/@vue/shared/-/shared-3.5.12.tgz"
  integrity sha512-L2RPSAwUFbgZH20etwrXyVyCBu9OxRSi8T/38QsvnkJyvq2LufW2lDCOzm7t/U9C1mkhJGWYfCuFBCmIuNivrg==

adler-32@~1.3.0:
  version "1.3.1"
  resolved "https://registry.npmmirror.com/adler-32/-/adler-32-1.3.1.tgz"
  integrity sha512-ynZ4w/nUUv5rrsR8UUGoe1VC9hZj6V5hU9Qw1HlMDJGEJw5S7TfTErWTjMys6M7vr0YWcPqs3qAr4ss0nDfP+A==

ant-design-vue@^4.0.0:
  version "4.2.5"
  resolved "https://registry.npmmirror.com/ant-design-vue/-/ant-design-vue-4.2.5.tgz"
  integrity sha512-dh5CBXSaxJZBFQBd156sOUuZPfxI7pZsNXDYpHNBt/JyKZoYlbetRp/nJmSragS2Oo0mVC23Ote+TQSGc0TX6g==
  dependencies:
    "@ant-design/colors" "^6.0.0"
    "@ant-design/icons-vue" "^7.0.0"
    "@babel/runtime" "^7.10.5"
    "@ctrl/tinycolor" "^3.5.0"
    "@emotion/hash" "^0.9.0"
    "@emotion/unitless" "^0.8.0"
    "@simonwep/pickr" "~1.8.0"
    array-tree-filter "^2.1.0"
    async-validator "^4.0.0"
    csstype "^3.1.1"
    dayjs "^1.10.5"
    dom-align "^1.12.1"
    dom-scroll-into-view "^2.0.0"
    lodash "^4.17.21"
    lodash-es "^4.17.15"
    resize-observer-polyfill "^1.5.1"
    scroll-into-view-if-needed "^2.2.25"
    shallow-equal "^1.0.0"
    stylis "^4.1.3"
    throttle-debounce "^5.0.0"
    vue-types "^3.0.0"
    warning "^4.0.0"

array-tree-filter@^2.1.0:
  version "2.1.0"
  resolved "https://registry.npmmirror.com/array-tree-filter/-/array-tree-filter-2.1.0.tgz"
  integrity sha512-4ROwICNlNw/Hqa9v+rk5h22KjmzB1JGTMVKP2AKJBOCgb0yL0ASf0+YvCcLNNwquOHNX48jkeZIJ3a+oOQqKcw==

async-validator@^4.0.0:
  version "4.2.5"
  resolved "https://registry.npmmirror.com/async-validator/-/async-validator-4.2.5.tgz"
  integrity sha512-7HhHjtERjqlNbZtqNqy2rckN/SpOOlmDliet+lP7k+eKZEjPk3DgyeU9lIXLdeLz0uBbbVp+9Qdow9wJWgwwfg==

asynckit@^0.4.0:
  version "0.4.0"
  resolved "https://registry.npmmirror.com/asynckit/-/asynckit-0.4.0.tgz"
  integrity sha512-Oei9OH4tRh0YqU3GxhX79dM/mwVgvbZJaSNaRk+bshkj0S5cfHcgYakreBjrHwatXKbz+IoIdYLxrKim2MjW0Q==

axios@^1.7.7:
  version "1.7.7"
  resolved "https://registry.npmmirror.com/axios/-/axios-1.7.7.tgz"
  integrity sha512-S4kL7XrjgBmvdGut0sN3yJxqYzrDOnivkBiN0OFs6hLiUam3UPvswUo0kqGyhqUZGEOytHyumEdXsAkgCOUf3Q==
  dependencies:
    follow-redirects "^1.15.6"
    form-data "^4.0.0"
    proxy-from-env "^1.1.0"

cfb@~1.2.1:
  version "1.2.2"
  resolved "https://registry.npmmirror.com/cfb/-/cfb-1.2.2.tgz"
  integrity sha512-KfdUZsSOw19/ObEWasvBP/Ac4reZvAGauZhs6S/gqNhXhI7cKwvlH7ulj+dOEYnca4bm4SGo8C1bTAQvnTjgQA==
  dependencies:
    adler-32 "~1.3.0"
    crc-32 "~1.2.0"

codepage@~1.15.0:
  version "1.15.0"
  resolved "https://registry.npmmirror.com/codepage/-/codepage-1.15.0.tgz"
  integrity sha512-3g6NUTPd/YtuuGrhMnOMRjFc+LJw/bnMp3+0r/Wcz3IXUuCosKRJvMphm5+Q+bvTVGcJJuRvVLuYba+WojaFaA==

combined-stream@^1.0.8:
  version "1.0.8"
  resolved "https://registry.npmmirror.com/combined-stream/-/combined-stream-1.0.8.tgz"
  integrity sha512-FQN4MRfuJeHf7cBbBMJFXhKSDq+2kAArBlmRBvcvFE5BB1HZKXtSFASDhdlz9zOYwxh8lDdnvmMOe/+5cdoEdg==
  dependencies:
    delayed-stream "~1.0.0"

compute-scroll-into-view@^1.0.20:
  version "1.0.20"
  resolved "https://registry.npmmirror.com/compute-scroll-into-view/-/compute-scroll-into-view-1.0.20.tgz"
  integrity sha512-UCB0ioiyj8CRjtrvaceBLqqhZCVP+1B8+NWQhmdsm0VXOJtobBCf1dBQmebCCo34qZmUwZfIH2MZLqNHazrfjg==

copy-anything@^2.0.1:
  version "2.0.6"
  resolved "https://registry.npmmirror.com/copy-anything/-/copy-anything-2.0.6.tgz"
  integrity sha512-1j20GZTsvKNkc4BY3NpMOM8tt///wY3FpIzozTOFO2ffuZcV61nojHXVKIy3WM+7ADCy5FVhdZYHYDdgTU0yJw==
  dependencies:
    is-what "^3.14.1"

core-js@^3.15.1:
  version "3.39.0"
  resolved "https://registry.npmmirror.com/core-js/-/core-js-3.39.0.tgz"
  integrity sha512-raM0ew0/jJUqkJ0E6e8UDtl+y/7ktFivgWvqw8dNSQeNWoSDLvQ1H/RN3aPXB9tBd4/FhyR4RDPGhsNIMsAn7g==

crc-32@~1.2.0, crc-32@~1.2.1:
  version "1.2.2"
  resolved "https://registry.npmmirror.com/crc-32/-/crc-32-1.2.2.tgz"
  integrity sha512-ROmzCKrTnOwybPcJApAA6WBWij23HVfGVNKqqrZpuyZOHqK2CwHSvpGuyt/UNNvaIjEd8X5IFGp4Mh+Ie1IHJQ==

csstype@^3.1.1, csstype@^3.1.3:
  version "3.1.3"
  resolved "https://registry.npmmirror.com/csstype/-/csstype-3.1.3.tgz"
  integrity sha512-M1uQkMl8rQK/szD0LNhtqxIPLpimGm8sOBwU7lLnCpSbTyY3yeU1Vc7l4KT5zT4s/yOxHH5O7tIuuLOCnLADRw==

dayjs@^1.10.5:
  version "1.11.13"
  resolved "https://registry.npmmirror.com/dayjs/-/dayjs-1.11.13.tgz"
  integrity sha512-oaMBel6gjolK862uaPQOVTA7q3TZhuSvuMQAAglQDOWYO9A91IrAOUJEyKVlqJlHE0vq5p5UXxzdPfMH/x6xNg==

debug@~4.3.1, debug@~4.3.2:
  version "4.3.7"
  resolved "https://registry.npmmirror.com/debug/-/debug-4.3.7.tgz"
  integrity sha512-Er2nc/H7RrMXZBFCEim6TCmMk02Z8vLC2Rbi1KEBggpo0fS6l0S1nnapwmIi3yW/+GOJap1Krg4w0Hg80oCqgQ==
  dependencies:
    ms "^2.1.3"

delayed-stream@~1.0.0:
  version "1.0.0"
  resolved "https://registry.npmmirror.com/delayed-stream/-/delayed-stream-1.0.0.tgz"
  integrity sha512-ZySD7Nf91aLB0RxL4KGrKHBXl7Eds1DAmEdcoVawXnLD7SDhpNgtuII2aAkg7a7QS41jxPSZ17p4VdGnMHk3MQ==

dom-align@^1.12.1:
  version "1.12.4"
  resolved "https://registry.npmmirror.com/dom-align/-/dom-align-1.12.4.tgz"
  integrity sha512-R8LUSEay/68zE5c8/3BDxiTEvgb4xZTF0RKmAHfiEVN3klfIpXfi2/QCoiWPccVQ0J/ZGdz9OjzL4uJEP/MRAw==

dom-scroll-into-view@^2.0.0:
  version "2.0.1"
  resolved "https://registry.npmmirror.com/dom-scroll-into-view/-/dom-scroll-into-view-2.0.1.tgz"
  integrity sha512-bvVTQe1lfaUr1oFzZX80ce9KLDlZ3iU+XGNE/bz9HnGdklTieqsbmsLHe+rT2XWqopvL0PckkYqN7ksmm5pe3w==

engine.io-client@~6.6.1:
  version "6.6.2"
  resolved "https://registry.npmmirror.com/engine.io-client/-/engine.io-client-6.6.2.tgz"
  integrity sha512-TAr+NKeoVTjEVW8P3iHguO1LO6RlUz9O5Y8o7EY0fU+gY1NYqas7NN3slpFtbXEsLMHk0h90fJMfKjRkQ0qUIw==
  dependencies:
    "@socket.io/component-emitter" "~3.1.0"
    debug "~4.3.1"
    engine.io-parser "~5.2.1"
    ws "~8.17.1"
    xmlhttprequest-ssl "~2.1.1"

engine.io-parser@~5.2.1:
  version "5.2.3"
  resolved "https://registry.npmmirror.com/engine.io-parser/-/engine.io-parser-5.2.3.tgz"
  integrity sha512-HqD3yTBfnBxIrbnM1DoD6Pcq8NECnh8d4As1Qgh0z5Gg3jRRIqijury0CL3ghu/edArpUYiYqQiDUQBIs4np3Q==

entities@^4.5.0:
  version "4.5.0"
  resolved "https://registry.npmmirror.com/entities/-/entities-4.5.0.tgz"
  integrity sha512-V0hjH4dGPh9Ao5p0MoRY6BVqtwCjhz6vI5LT8AJ55H+4g9/4vbHx1I54fS0XuclLhDHArPQCiMjDxjaL8fPxhw==

errno@^0.1.1:
  version "0.1.8"
  resolved "https://registry.npmmirror.com/errno/-/errno-0.1.8.tgz"
  integrity sha512-dJ6oBr5SQ1VSd9qkk7ByRgb/1SH4JZjCHSW/mr63/QcXO9zLVxvJ6Oy13nio03rxpSnVDDjFor75SjVeZWPW/A==
  dependencies:
    prr "~1.0.1"

esbuild@^0.21.3:
  version "0.21.5"
  resolved "https://registry.npmmirror.com/esbuild/-/esbuild-0.21.5.tgz"
  integrity sha512-mg3OPMV4hXywwpoDxu3Qda5xCKQi+vCTZq8S9J/EpkhB2HzKXq4SNFZE3+NK93JYxc8VMSep+lOUSC/RVKaBqw==
  optionalDependencies:
    "@esbuild/aix-ppc64" "0.21.5"
    "@esbuild/android-arm" "0.21.5"
    "@esbuild/android-arm64" "0.21.5"
    "@esbuild/android-x64" "0.21.5"
    "@esbuild/darwin-arm64" "0.21.5"
    "@esbuild/darwin-x64" "0.21.5"
    "@esbuild/freebsd-arm64" "0.21.5"
    "@esbuild/freebsd-x64" "0.21.5"
    "@esbuild/linux-arm" "0.21.5"
    "@esbuild/linux-arm64" "0.21.5"
    "@esbuild/linux-ia32" "0.21.5"
    "@esbuild/linux-loong64" "0.21.5"
    "@esbuild/linux-mips64el" "0.21.5"
    "@esbuild/linux-ppc64" "0.21.5"
    "@esbuild/linux-riscv64" "0.21.5"
    "@esbuild/linux-s390x" "0.21.5"
    "@esbuild/linux-x64" "0.21.5"
    "@esbuild/netbsd-x64" "0.21.5"
    "@esbuild/openbsd-x64" "0.21.5"
    "@esbuild/sunos-x64" "0.21.5"
    "@esbuild/win32-arm64" "0.21.5"
    "@esbuild/win32-ia32" "0.21.5"
    "@esbuild/win32-x64" "0.21.5"

estree-walker@^2.0.2:
  version "2.0.2"
  resolved "https://registry.npmmirror.com/estree-walker/-/estree-walker-2.0.2.tgz"
  integrity sha512-Rfkk/Mp/DL7JVje3u18FxFujQlTNR2q6QfMSMB7AvCBx91NGj/ba3kCfza0f6dVDbw7YlRf/nDrn7pQrCCyQ/w==

file-saver@^2.0.5:
  version "2.0.5"
  resolved "https://registry.npmmirror.com/file-saver/-/file-saver-2.0.5.tgz"
  integrity sha512-P9bmyZ3h/PRG+Nzga+rbdI4OEpNDzAVyy74uVO9ATgzLK6VtAsYybF/+TOCvrc0MO793d6+42lLyZTw7/ArVzA==

follow-redirects@^1.15.6:
  version "1.15.9"
  resolved "https://registry.npmmirror.com/follow-redirects/-/follow-redirects-1.15.9.tgz"
  integrity sha512-gew4GsXizNgdoRyqmyfMHyAmXsZDk6mHkSxZFCzW9gwlbtOW44CDtYavM+y+72qD/Vq2l550kMF52DT8fOLJqQ==

form-data@^4.0.0:
  version "4.0.1"
  resolved "https://registry.npmmirror.com/form-data/-/form-data-4.0.1.tgz"
  integrity sha512-tzN8e4TX8+kkxGPK8D5u0FNmjPUjw3lwC9lSLxxoB/+GtsJG91CO8bSWy73APlgAZzZbXEYZJuxjkHH2w+Ezhw==
  dependencies:
    asynckit "^0.4.0"
    combined-stream "^1.0.8"
    mime-types "^2.1.12"

frac@~1.1.2:
  version "1.1.2"
  resolved "https://registry.npmmirror.com/frac/-/frac-1.1.2.tgz"
  integrity sha512-w/XBfkibaTl3YDqASwfDUqkna4Z2p9cFSr1aHDt0WoMTECnRfBOv2WArlZILlqgWlmdIlALXGpM2AOhEk5W3IA==

fsevents@~2.3.2, fsevents@~2.3.3:
  version "2.3.3"
  resolved "https://registry.npmmirror.com/fsevents/-/fsevents-2.3.3.tgz"
  integrity sha512-5xoDfX+fL7faATnagmWPpbFtwh/R77WmMMqqHGS65C3vvB0YHrgF+B1YmZ3441tMj5n63k0212XNoJwzlhffQw==

graceful-fs@^4.1.2:
  version "4.2.11"
  resolved "https://registry.npmmirror.com/graceful-fs/-/graceful-fs-4.2.11.tgz"
  integrity sha512-RbJ5/jmFcNNCcDV5o9eTnBLJ/HszWV0P73bc+Ff4nS/rJj+YaS6IGyiOL0VoBYX+l1Wrl3k63h/KrH+nhJ0XvQ==

iconv-lite@^0.6.3:
  version "0.6.3"
  resolved "https://registry.npmmirror.com/iconv-lite/-/iconv-lite-0.6.3.tgz"
  integrity sha512-4fCk79wshMdzMp2rH06qWrJE4iolqLhCUH+OiuIgU++RB0+94NlDL81atO7GX55uUKueo0txHNtvEyI6D7WdMw==
  dependencies:
    safer-buffer ">= 2.1.2 < 3.0.0"

image-size@~0.5.0:
  version "0.5.5"
  resolved "https://registry.npmmirror.com/image-size/-/image-size-0.5.5.tgz"
  integrity sha512-6TDAlDPZxUFCv+fuOkIoXT/V/f3Qbq8e37p+YOiYrUv3v9cc3/6x78VdfPgFVaB9dZYeLUfKgHRebpkm/oP2VQ==

is-plain-object@3.0.1:
  version "3.0.1"
  resolved "https://registry.npmmirror.com/is-plain-object/-/is-plain-object-3.0.1.tgz"
  integrity sha512-Xnpx182SBMrr/aBik8y+GuR4U1L9FqMSojwDQwPMmxyC6bvEqly9UBCxhauBF5vNh2gwWJNX6oDV7O+OM4z34g==

is-what@^3.14.1:
  version "3.14.1"
  resolved "https://registry.npmmirror.com/is-what/-/is-what-3.14.1.tgz"
  integrity sha512-sNxgpk9793nzSs7bA6JQJGeIuRBQhAaNGG77kzYQgMkrID+lS6SlK07K5LaptscDlSaIgH+GPFzf+d75FVxozA==

"js-tokens@^3.0.0 || ^4.0.0":
  version "4.0.0"
  resolved "https://registry.npmmirror.com/js-tokens/-/js-tokens-4.0.0.tgz"
  integrity sha512-RdJUflcE3cUzKiMqQgsCu06FPu9UdIJO0beYbPhHN4k6apgJtifcoCtT9bcxOpYBtpD2kCM6Sbzg4CausW/PKQ==

less-loader@^11.1.0:
  version "11.1.4"
  resolved "https://registry.npmmirror.com/less-loader/-/less-loader-11.1.4.tgz"
  integrity sha512-6/GrYaB6QcW6Vj+/9ZPgKKs6G10YZai/l/eJ4SLwbzqNTBsAqt5hSLVF47TgsiBxV1P6eAU0GYRH3YRuQU9V3A==

less@^4.2.0:
  version "4.2.0"
  resolved "https://registry.npmmirror.com/less/-/less-4.2.0.tgz"
  integrity sha512-P3b3HJDBtSzsXUl0im2L7gTO5Ubg8mEN6G8qoTS77iXxXX4Hvu4Qj540PZDvQ8V6DmX6iXo98k7Md0Cm1PrLaA==
  dependencies:
    copy-anything "^2.0.1"
    parse-node-version "^1.0.1"
    tslib "^2.3.0"
  optionalDependencies:
    errno "^0.1.1"
    graceful-fs "^4.1.2"
    image-size "~0.5.0"
    make-dir "^2.1.0"
    mime "^1.4.1"
    needle "^3.1.0"
    source-map "~0.6.0"

lodash-es@^4.17.15:
  version "4.17.21"
  resolved "https://registry.npmmirror.com/lodash-es/-/lodash-es-4.17.21.tgz"
  integrity sha512-mKnC+QJ9pWVzv+C4/U3rRsHapFfHvQFoFB92e52xeyGMcX6/OlIl78je1u8vePzYZSkkogMPJ2yjxxsb89cxyw==

lodash@^4.17.21:
  version "4.17.21"
  resolved "https://registry.npmmirror.com/lodash/-/lodash-4.17.21.tgz"
  integrity sha512-v2kDEe57lecTulaDIuNTPy3Ry4gLGJ6Z1O3vE1krgXZNrsQ+LFTGHVxVjcXPs17LhbZVGedAJv8XZ1tvj5FvSg==

loose-envify@^1.0.0:
  version "1.4.0"
  resolved "https://registry.npmmirror.com/loose-envify/-/loose-envify-1.4.0.tgz"
  integrity sha512-lyuxPGr/Wfhrlem2CL/UcnUc1zcqKAImBDzukY7Y5F/yQiNdko6+fRLevlw1HgMySw7f611UIY408EtxRSoK3Q==
  dependencies:
    js-tokens "^3.0.0 || ^4.0.0"

magic-string@^0.30.11:
  version "0.30.12"
  resolved "https://registry.npmmirror.com/magic-string/-/magic-string-0.30.12.tgz"
  integrity sha512-Ea8I3sQMVXr8JhN4z+H/d8zwo+tYDgHE9+5G4Wnrwhs0gaK9fXTKx0Tw5Xwsd/bCPTTZNRAdpyzvoeORe9LYpw==
  dependencies:
    "@jridgewell/sourcemap-codec" "^1.5.0"

make-dir@^2.1.0:
  version "2.1.0"
  resolved "https://registry.npmmirror.com/make-dir/-/make-dir-2.1.0.tgz"
  integrity sha512-LS9X+dc8KLxXCb8dni79fLIIUA5VyZoyjSMCwTluaXA0o27cCK0bhXkpgw+sTXVpPy/lSO57ilRixqk0vDmtRA==
  dependencies:
    pify "^4.0.1"
    semver "^5.6.0"

mime-db@1.52.0:
  version "1.52.0"
  resolved "https://registry.npmmirror.com/mime-db/-/mime-db-1.52.0.tgz"
  integrity sha512-sPU4uV7dYlvtWJxwwxHD0PuihVNiE7TyAbQ5SWxDCB9mUYvOgroQOwYQQOKPJ8CIbE+1ETVlOoK1UC2nU3gYvg==

mime-types@^2.1.12:
  version "2.1.35"
  resolved "https://registry.npmmirror.com/mime-types/-/mime-types-2.1.35.tgz"
  integrity sha512-ZDY+bPm5zTTF+YpCrAU9nK0UgICYPT0QtT1NZWFv4s++TNkcgVaT0g6+4R2uI4MjQjzysHB1zxuWL50hzaeXiw==
  dependencies:
    mime-db "1.52.0"

mime@^1.4.1:
  version "1.6.0"
  resolved "https://registry.npmmirror.com/mime/-/mime-1.6.0.tgz"
  integrity sha512-x0Vn8spI+wuJ1O6S7gnbaQg8Pxh4NNHb7KSINmEWKiPE4RKOplvijn+NkmYmmRgP68mc70j2EbeTFRsrswaQeg==

ms@^2.1.3:
  version "2.1.3"
  resolved "https://registry.npmmirror.com/ms/-/ms-2.1.3.tgz"
  integrity sha512-6FlzubTLZG3J2a/NVCAleEhjzq5oxgHyaCU9yYXvcLsvoVaHJq/s5xXI6/XXP6tz7R9xAOtHnSO/tXtF3WRTlA==

nanoid@^3.3.7:
  version "3.3.7"
  resolved "https://registry.npmmirror.com/nanoid/-/nanoid-3.3.7.tgz"
  integrity sha512-eSRppjcPIatRIMC1U6UngP8XFcz8MQWGQdt1MTBQ7NaAmvXDfvNxbvWV3x2y6CdEUciCSsDHDQZbhYaB8QEo2g==

nanopop@^2.1.0:
  version "2.4.2"
  resolved "https://registry.npmmirror.com/nanopop/-/nanopop-2.4.2.tgz"
  integrity sha512-NzOgmMQ+elxxHeIha+OG/Pv3Oc3p4RU2aBhwWwAqDpXrdTbtRylbRLQztLy8dMMwfl6pclznBdfUhccEn9ZIzw==

needle@^3.1.0:
  version "3.3.1"
  resolved "https://registry.npmmirror.com/needle/-/needle-3.3.1.tgz"
  integrity sha512-6k0YULvhpw+RoLNiQCRKOl09Rv1dPLr8hHnVjHqdolKwDrdNyk+Hmrthi4lIGPPz3r39dLx0hsF5s40sZ3Us4Q==
  dependencies:
    iconv-lite "^0.6.3"
    sax "^1.2.4"

parse-node-version@^1.0.1:
  version "1.0.1"
  resolved "https://registry.npmmirror.com/parse-node-version/-/parse-node-version-1.0.1.tgz"
  integrity sha512-3YHlOa/JgH6Mnpr05jP9eDG254US9ek25LyIxZlDItp2iJtwyaXQb57lBYLdT3MowkUFYEV2XXNAYIPlESvJlA==

picocolors@^1.1.1:
  version "1.1.1"
  resolved "https://registry.npmmirror.com/picocolors/-/picocolors-1.1.1.tgz"
  integrity sha512-xceH2snhtb5M9liqDsmEw56le376mTZkEX/jEb/RxNFyegNul7eNslCXP9FDj/Lcu0X8KEyMceP2ntpaHrDEVA==

pify@^4.0.1:
  version "4.0.1"
  resolved "https://registry.npmmirror.com/pify/-/pify-4.0.1.tgz"
  integrity sha512-uB80kBFb/tfd68bVleG9T5GGsGPjJrLAUpR5PZIrhBnIaRTQRjqdJSsIKkOP6OAIFbj7GOrcudc5pNjZ+geV2g==

pinia@^2.1.0:
  version "2.2.6"
  resolved "https://registry.npmmirror.com/pinia/-/pinia-2.2.6.tgz"
  integrity sha512-vIsR8JkDN5Ga2vAxqOE2cJj4VtsHnzpR1Fz30kClxlh0yCHfec6uoMeM3e/ddqmwFUejK3NlrcQa/shnpyT4hA==
  dependencies:
    "@vue/devtools-api" "^6.6.3"
    vue-demi "^0.14.10"

postcss@^8.4.43, postcss@^8.4.47:
  version "8.4.48"
  resolved "https://registry.npmmirror.com/postcss/-/postcss-8.4.48.tgz"
  integrity sha512-GCRK8F6+Dl7xYniR5a4FYbpBzU8XnZVeowqsQFYdcXuSbChgiks7qybSkbvnaeqv0G0B+dd9/jJgH8kkLDQeEA==
  dependencies:
    nanoid "^3.3.7"
    picocolors "^1.1.1"
    source-map-js "^1.2.1"

preact@~10.12.1:
  version "10.12.1"
  resolved "https://registry.npmmirror.com/preact/-/preact-10.12.1.tgz"
  integrity sha512-l8386ixSsBdbreOAkqtrwqHwdvR35ID8c3rKPa8lCWuO86dBi32QWHV4vfsZK1utLLFMvw+Z5Ad4XLkZzchscg==

proxy-from-env@^1.1.0:
  version "1.1.0"
  resolved "https://registry.npmmirror.com/proxy-from-env/-/proxy-from-env-1.1.0.tgz"
  integrity sha512-D+zkORCbA9f1tdWRK0RaCR3GPv50cMxcrz4X8k5LTSUD1Dkw47mKJEZQNunItRTkWwgtaUSo1RVFRIG9ZXiFYg==

prr@~1.0.1:
  version "1.0.1"
  resolved "https://registry.npmmirror.com/prr/-/prr-1.0.1.tgz"
  integrity sha512-yPw4Sng1gWghHQWj0B3ZggWUm4qVbPwPFcRG8KyxiU7J2OHFSoEHKS+EZ3fv5l1t9CyCiop6l/ZYeWbrgoQejw==

regenerator-runtime@^0.14.0:
  version "0.14.1"
  resolved "https://registry.npmmirror.com/regenerator-runtime/-/regenerator-runtime-0.14.1.tgz"
  integrity sha512-dYnhHh0nJoMfnkZs6GmmhFknAGRrLznOu5nc9ML+EJxGvrx6H7teuevqVqCuPcPK//3eDrrjQhehXVx9cnkGdw==

resize-observer-polyfill@^1.5.1:
  version "1.5.1"
  resolved "https://registry.npmmirror.com/resize-observer-polyfill/-/resize-observer-polyfill-1.5.1.tgz"
  integrity sha512-LwZrotdHOo12nQuZlHEmtuXdqGoOD0OhaxopaNFxWzInpEgaLWoVuAMbTzixuosCx2nEG58ngzW3vxdWoxIgdg==

rollup@^4.20.0:
  version "4.25.0"
  resolved "https://registry.npmmirror.com/rollup/-/rollup-4.25.0.tgz"
  integrity sha512-uVbClXmR6wvx5R1M3Od4utyLUxrmOcEm3pAtMphn73Apq19PDtHpgZoEvqH2YnnaNUuvKmg2DgRd2Sqv+odyqg==
  dependencies:
    "@types/estree" "1.0.6"
  optionalDependencies:
    "@rollup/rollup-android-arm-eabi" "4.25.0"
    "@rollup/rollup-android-arm64" "4.25.0"
    "@rollup/rollup-darwin-arm64" "4.25.0"
    "@rollup/rollup-darwin-x64" "4.25.0"
    "@rollup/rollup-freebsd-arm64" "4.25.0"
    "@rollup/rollup-freebsd-x64" "4.25.0"
    "@rollup/rollup-linux-arm-gnueabihf" "4.25.0"
    "@rollup/rollup-linux-arm-musleabihf" "4.25.0"
    "@rollup/rollup-linux-arm64-gnu" "4.25.0"
    "@rollup/rollup-linux-arm64-musl" "4.25.0"
    "@rollup/rollup-linux-powerpc64le-gnu" "4.25.0"
    "@rollup/rollup-linux-riscv64-gnu" "4.25.0"
    "@rollup/rollup-linux-s390x-gnu" "4.25.0"
    "@rollup/rollup-linux-x64-gnu" "4.25.0"
    "@rollup/rollup-linux-x64-musl" "4.25.0"
    "@rollup/rollup-win32-arm64-msvc" "4.25.0"
    "@rollup/rollup-win32-ia32-msvc" "4.25.0"
    "@rollup/rollup-win32-x64-msvc" "4.25.0"
    fsevents "~2.3.2"

"safer-buffer@>= 2.1.2 < 3.0.0":
  version "2.1.2"
  resolved "https://registry.npmmirror.com/safer-buffer/-/safer-buffer-2.1.2.tgz"
  integrity sha512-YZo3K82SD7Riyi0E1EQPojLz7kpepnSQI9IyPbHHg1XXXevb5dJI7tpyN2ADxGcQbHG7vcyRHk0cbwqcQriUtg==

sax@^1.2.4:
  version "1.4.1"
  resolved "https://registry.npmmirror.com/sax/-/sax-1.4.1.tgz"
  integrity sha512-+aWOz7yVScEGoKNd4PA10LZ8sk0A/z5+nXQG5giUO5rprX9jgYsTdov9qCchZiPIZezbZH+jRut8nPodFAX4Jg==

scroll-into-view-if-needed@^2.2.25:
  version "2.2.31"
  resolved "https://registry.npmmirror.com/scroll-into-view-if-needed/-/scroll-into-view-if-needed-2.2.31.tgz"
  integrity sha512-dGCXy99wZQivjmjIqihaBQNjryrz5rueJY7eHfTdyWEiR4ttYpsajb14rn9s5d4DY4EcY6+4+U/maARBXJedkA==
  dependencies:
    compute-scroll-into-view "^1.0.20"

semver@^5.6.0:
  version "5.7.2"
  resolved "https://registry.npmmirror.com/semver/-/semver-5.7.2.tgz"
  integrity sha512-cBznnQ9KjJqU67B52RMC65CMarK2600WFnbkcaiwWq3xy/5haFJlshgnpjovMVJ+Hff49d8GEn0b87C5pDQ10g==

shallow-equal@^1.0.0:
  version "1.2.1"
  resolved "https://registry.npmmirror.com/shallow-equal/-/shallow-equal-1.2.1.tgz"
  integrity sha512-S4vJDjHHMBaiZuT9NPb616CSmLf618jawtv3sufLl6ivK8WocjAo58cXwbRV1cgqxH0Qbv+iUt6m05eqEa2IRA==

socket.io-client@^4.8.1:
  version "4.8.1"
  resolved "https://registry.npmmirror.com/socket.io-client/-/socket.io-client-4.8.1.tgz"
  integrity sha512-hJVXfu3E28NmzGk8o1sHhN3om52tRvwYeidbj7xKy2eIIse5IoKX3USlS6Tqt3BHAtflLIkCQBkzVrEEfWUyYQ==
  dependencies:
    "@socket.io/component-emitter" "~3.1.0"
    debug "~4.3.2"
    engine.io-client "~6.6.1"
    socket.io-parser "~4.2.4"

socket.io-parser@~4.2.4:
  version "4.2.4"
  resolved "https://registry.npmmirror.com/socket.io-parser/-/socket.io-parser-4.2.4.tgz"
  integrity sha512-/GbIKmo8ioc+NIWIhwdecY0ge+qVBSMdgxGygevmdHj24bsfgtCmcUUcQ5ZzcylGFHsN3k4HB4Cgkl96KVnuew==
  dependencies:
    "@socket.io/component-emitter" "~3.1.0"
    debug "~4.3.1"

source-map-js@^1.2.0, source-map-js@^1.2.1:
  version "1.2.1"
  resolved "https://registry.npmmirror.com/source-map-js/-/source-map-js-1.2.1.tgz"
  integrity sha512-UXWMKhLOwVKb728IUtQPXxfYU+usdybtUrK/8uGE8CQMvrhOpwvzDBwj0QhSL7MQc7vIsISBG8VQ8+IDQxpfQA==

source-map@~0.6.0:
  version "0.6.1"
  resolved "https://registry.npmmirror.com/source-map/-/source-map-0.6.1.tgz"
  integrity sha512-UjgapumWlbMhkBgzT7Ykc5YXUT46F0iKu8SGXq0bcwP5dz/h0Plj6enJqjz1Zbq2l5WaqYnrVbwWOWMyF3F47g==

ssf@~0.11.2:
  version "0.11.2"
  resolved "https://registry.npmmirror.com/ssf/-/ssf-0.11.2.tgz"
  integrity sha512-+idbmIXoYET47hH+d7dfm2epdOMUDjqcB4648sTZ+t2JwoyBFL/insLfB/racrDmsKB3diwsDA696pZMieAC5g==
  dependencies:
    frac "~1.1.2"

stylis@^4.1.3:
  version "4.3.4"
  resolved "https://registry.npmmirror.com/stylis/-/stylis-4.3.4.tgz"
  integrity sha512-osIBl6BGUmSfDkyH2mB7EFvCJntXDrLhKjHTRj/rK6xLH0yuPrHULDRQzKokSOD4VoorhtKpfcfW1GAntu8now==

throttle-debounce@^5.0.0:
  version "5.0.2"
  resolved "https://registry.npmmirror.com/throttle-debounce/-/throttle-debounce-5.0.2.tgz"
  integrity sha512-B71/4oyj61iNH0KeCamLuE2rmKuTO5byTOSVwECM5FA7TiAiAW+UqTKZ9ERueC4qvgSttUhdmq1mXC3kJqGX7A==

tslib@^2.3.0:
  version "2.8.1"
  resolved "https://registry.npmmirror.com/tslib/-/tslib-2.8.1.tgz"
  integrity sha512-oJFu94HQb+KVduSUQL7wnpmqnfmLsOA/nAh6b6EH0wCEoK0/mPeXU6c3wKDV83MkOuHPRHtSXKKU99IBazS/2w==

vite@^5.0.0:
  version "5.4.10"
  resolved "https://registry.npmmirror.com/vite/-/vite-5.4.10.tgz"
  integrity sha512-1hvaPshuPUtxeQ0hsVH3Mud0ZanOLwVTneA1EgbAM5LhaZEqyPWGRQ7BtaMvUrTDeEaC8pxtj6a6jku3x4z6SQ==
  dependencies:
    esbuild "^0.21.3"
    postcss "^8.4.43"
    rollup "^4.20.0"
  optionalDependencies:
    fsevents "~2.3.3"

vue-demi@^0.14.10:
  version "0.14.10"
  resolved "https://registry.npmmirror.com/vue-demi/-/vue-demi-0.14.10.tgz"
  integrity sha512-nMZBOwuzabUO0nLgIcc6rycZEebF6eeUfaiQx9+WSk8e29IbLvPU9feI6tqW4kTo3hvoYAJkMh8n8D0fuISphg==

vue-router@^4.2.0:
  version "4.4.5"
  resolved "https://registry.npmmirror.com/vue-router/-/vue-router-4.4.5.tgz"
  integrity sha512-4fKZygS8cH1yCyuabAXGUAsyi1b2/o/OKgu/RUb+znIYOxPRxdkytJEx+0wGcpBE1pX6vUgh5jwWOKRGvuA/7Q==
  dependencies:
    "@vue/devtools-api" "^6.6.4"

vue-types@^3.0.0:
  version "3.0.2"
  resolved "https://registry.npmmirror.com/vue-types/-/vue-types-3.0.2.tgz"
  integrity sha512-IwUC0Aq2zwaXqy74h4WCvFCUtoV0iSWr0snWnE9TnU18S66GAQyqQbRf2qfJtUuiFsBf6qp0MEwdonlwznlcrw==
  dependencies:
    is-plain-object "3.0.1"

vue@^3.3.0:
  version "3.5.12"
  resolved "https://registry.npmmirror.com/vue/-/vue-3.5.12.tgz"
  integrity sha512-CLVZtXtn2ItBIi/zHZ0Sg1Xkb7+PU32bJJ8Bmy7ts3jxXTcbfsEfBivFYYWz1Hur+lalqGAh65Coin0r+HRUfg==
  dependencies:
    "@vue/compiler-dom" "3.5.12"
    "@vue/compiler-sfc" "3.5.12"
    "@vue/runtime-dom" "3.5.12"
    "@vue/server-renderer" "3.5.12"
    "@vue/shared" "3.5.12"

warning@^4.0.0:
  version "4.0.3"
  resolved "https://registry.npmmirror.com/warning/-/warning-4.0.3.tgz"
  integrity sha512-rpJyN222KWIvHJ/F53XSZv0Zl/accqHR8et1kpaMTD/fLCRxtV8iX8czMzY7sVZupTI3zcUTg8eycS2kNF9l6w==
  dependencies:
    loose-envify "^1.0.0"

wmf@~1.0.1:
  version "1.0.2"
  resolved "https://registry.npmmirror.com/wmf/-/wmf-1.0.2.tgz"
  integrity sha512-/p9K7bEh0Dj6WbXg4JG0xvLQmIadrner1bi45VMJTfnbVHsc7yIajZyoSoK60/dtVBs12Fm6WkUI5/3WAVsNMw==

word@~0.3.0:
  version "0.3.0"
  resolved "https://registry.npmmirror.com/word/-/word-0.3.0.tgz"
  integrity sha512-OELeY0Q61OXpdUfTp+oweA/vtLVg5VDOXh+3he3PNzLGG/y0oylSOC1xRVj0+l4vQ3tj/bB1HVHv1ocXkQceFA==

ws@~8.17.1:
  version "8.17.1"
  resolved "https://registry.npmmirror.com/ws/-/ws-8.17.1.tgz"
  integrity sha512-6XQFvXTkbfUOZOKKILFG1PDK2NDQs4azKQl26T0YS5CxqWLgXajbPZ+h4gZekJyRqFU8pvnbAbbs/3TgRPy+GQ==

xlsx@^0.18.5:
  version "0.18.5"
  resolved "https://registry.npmmirror.com/xlsx/-/xlsx-0.18.5.tgz"
  integrity sha512-dmg3LCjBPHZnQp5/F/+nnTa+miPJxUXB6vtk42YjBBKayDNagxGEeIdWApkYPOf3Z3pm3k62Knjzp7lMeTEtFQ==
  dependencies:
    adler-32 "~1.3.0"
    cfb "~1.2.1"
    codepage "~1.15.0"
    crc-32 "~1.2.1"
    ssf "~0.11.2"
    wmf "~1.0.1"
    word "~0.3.0"

xmlhttprequest-ssl@~2.1.1:
  version "2.1.2"
  resolved "https://registry.npmmirror.com/xmlhttprequest-ssl/-/xmlhttprequest-ssl-2.1.2.tgz"
  integrity sha512-TEU+nJVUUnA4CYJFLvK5X9AOeH4KvDvhIfm0vV1GaQRtchnG0hgK5p8hw/xjv8cunWYCsiPCSDzObPyhEwq3KQ==
